
Microsoft Visual Studio Solution File, Format Version 12.00
# Visual Studio Version 17
VisualStudioVersion = 17.7.34221.43
MinimumVisualStudioVersion = 10.0.40219.1
Project("{FAE04EC0-301F-11D3-BF4B-00C04F79EFBC}") = "ManagerPassword", "ManagerPassword.csproj", "{036ACAA6-4755-4801-97E1-3A06CA823342}"
EndProject
Global
	GlobalSection(SolutionConfigurationPlatforms) = preSolution
		Debug|Any CPU = Debug|Any CPU
		Release|Any CPU = Release|Any CPU
	EndGlobalSection
	GlobalSection(ProjectConfigurationPlatforms) = postSolution
		{036ACAA6-4755-4801-97E1-3A06CA823342}.Debug|Any CPU.ActiveCfg = Debug|Any CPU
		{036ACAA6-4755-4801-97E1-3A06CA823342}.Debug|Any CPU.Build.0 = Debug|Any CPU
		{036ACAA6-4755-4801-97E1-3A06CA823342}.Release|Any CPU.ActiveCfg = Release|Any CPU
		{036ACAA6-4755-4801-97E1-3A06CA823342}.Release|Any CPU.Build.0 = Release|Any CPU
	EndGlobalSection
	GlobalSection(SolutionProperties) = preSolution
		HideSolutionNode = FALSE
	EndGlobalSection
	GlobalSection(ExtensibilityGlobals) = postSolution
		SolutionGuid = {8D2E1171-D616-4453-9A28-176F474D0832}
	EndGlobalSection
EndGlobal
